
Microsoft Visual Studio Solution File, Format Version 12.00
# Visual Studio Version 17
VisualStudioVersion = 17.4.33403.182
MinimumVisualStudioVersion = 10.0.40219.1
Project("{9A19103F-16F7-4668-BE54-9A1E7A4F7556}") = "Middleware", "Middleware.csproj", "{A3544076-15B2-4737-91D2-2B13768AC7E5}"
EndProject
Global
	GlobalSection(SolutionConfigurationPlatforms) = preSolution
		Debug|Any CPU = Debug|Any CPU
		Release|Any CPU = Release|Any CPU
	EndGlobalSection
	GlobalSection(ProjectConfigurationPlatforms) = postSolution
		{A3544076-15B2-4737-91D2-2B13768AC7E5}.Debug|Any CPU.ActiveCfg = Debug|Any CPU
		{A3544076-15B2-4737-91D2-2B13768AC7E5}.Debug|Any CPU.Build.0 = Debug|Any CPU
		{A3544076-15B2-4737-91D2-2B13768AC7E5}.Release|Any CPU.ActiveCfg = Release|Any CPU
		{A3544076-15B2-4737-91D2-2B13768AC7E5}.Release|Any CPU.Build.0 = Release|Any CPU
	EndGlobalSection
	GlobalSection(SolutionProperties) = preSolution
		HideSolutionNode = FALSE
	EndGlobalSection
	GlobalSection(ExtensibilityGlobals) = postSolution
		SolutionGuid = {FF0DC232-AEC8-492C-9677-BC6A42C0AE25}
	EndGlobalSection
EndGlobal
